
Microsoft Visual Studio Solution File, Format Version 12.00
# Visual Studio Version 17
VisualStudioVersion = 17.3.32825.248
MinimumVisualStudioVersion = 10.0.40219.1
Project("{9A19103F-16F7-4668-BE54-9A1E7A4F7556}") = "ShoeStoreManagement", "ShoeStoreManagement\ShoeStoreManagement.csproj", "{5F5213F8-1903-4C9C-9657-F432BD888456}"
EndProject
Project("{FAE04EC0-301F-11D3-BF4B-00C04F79EFBC}") = "ShoeStoreWebAPI", "ShoeStoreWebAPI\ShoeStoreWebAPI.csproj", "{245007CA-23F6-46CC-8E23-7FC5E1E8747B}"
EndProject
Global
	GlobalSection(SolutionConfigurationPlatforms) = preSolution
		Debug|Any CPU = Debug|Any CPU
		Release|Any CPU = Release|Any CPU
	EndGlobalSection
	GlobalSection(ProjectConfigurationPlatforms) = postSolution
		{5F5213F8-1903-4C9C-9657-F432BD888456}.Debug|Any CPU.ActiveCfg = Debug|Any CPU
		{5F5213F8-1903-4C9C-9657-F432BD888456}.Debug|Any CPU.Build.0 = Debug|Any CPU
		{5F5213F8-1903-4C9C-9657-F432BD888456}.Release|Any CPU.ActiveCfg = Release|Any CPU
		{5F5213F8-1903-4C9C-9657-F432BD888456}.Release|Any CPU.Build.0 = Release|Any CPU
		{245007CA-23F6-46CC-8E23-7FC5E1E8747B}.Debug|Any CPU.ActiveCfg = Debug|Any CPU
		{245007CA-23F6-46CC-8E23-7FC5E1E8747B}.Debug|Any CPU.Build.0 = Debug|Any CPU
		{245007CA-23F6-46CC-8E23-7FC5E1E8747B}.Release|Any CPU.ActiveCfg = Release|Any CPU
		{245007CA-23F6-46CC-8E23-7FC5E1E8747B}.Release|Any CPU.Build.0 = Release|Any CPU
	EndGlobalSection
	GlobalSection(SolutionProperties) = preSolution
		HideSolutionNode = FALSE
	EndGlobalSection
	GlobalSection(ExtensibilityGlobals) = postSolution
		SolutionGuid = {C1808325-62ED-453D-B8BC-561D3C70C6CC}
	EndGlobalSection
EndGlobal
